
Microsoft Visual Studio Solution File, Format Version 12.00
# Visual Studio Version 17
VisualStudioVersion = 17.8.34316.72
MinimumVisualStudioVersion = 10.0.40219.1
Project("{FAE04EC0-301F-11D3-BF4B-00C04F79EFBC}") = "AppTest.Android", "AppTest\AppTest.Android\AppTest.Android.csproj", "{43E62789-8183-443B-9934-AD115A6BB0BD}"
EndProject
Project("{FAE04EC0-301F-11D3-BF4B-00C04F79EFBC}") = "AppTest.iOS", "AppTest\AppTest.iOS\AppTest.iOS.csproj", "{6BED74E0-E93B-48C5-9D25-7BF32DBAFAD2}"
EndProject
Project("{FAE04EC0-301F-11D3-BF4B-00C04F79EFBC}") = "AppTest", "AppTest\AppTest\AppTest.csproj", "{F834F363-B7E5-4C58-A8E1-49312C9B3B2F}"
EndProject
Global
	GlobalSection(SolutionConfigurationPlatforms) = preSolution
		Debug|Any CPU = Debug|Any CPU
		Debug|iPhone = Debug|iPhone
		Debug|iPhoneSimulator = Debug|iPhoneSimulator
		Release|Any CPU = Release|Any CPU
		Release|iPhone = Release|iPhone
		Release|iPhoneSimulator = Release|iPhoneSimulator
	EndGlobalSection
	GlobalSection(ProjectConfigurationPlatforms) = postSolution
		{43E62789-8183-443B-9934-AD115A6BB0BD}.Debug|Any CPU.ActiveCfg = Debug|Any CPU
		{43E62789-8183-443B-9934-AD115A6BB0BD}.Debug|Any CPU.Build.0 = Debug|Any CPU
		{43E62789-8183-443B-9934-AD115A6BB0BD}.Debug|Any CPU.Deploy.0 = Debug|Any CPU
		{43E62789-8183-443B-9934-AD115A6BB0BD}.Debug|iPhone.ActiveCfg = Debug|Any CPU
		{43E62789-8183-443B-9934-AD115A6BB0BD}.Debug|iPhone.Build.0 = Debug|Any CPU
		{43E62789-8183-443B-9934-AD115A6BB0BD}.Debug|iPhone.Deploy.0 = Debug|Any CPU
		{43E62789-8183-443B-9934-AD115A6BB0BD}.Debug|iPhoneSimulator.ActiveCfg = Debug|Any CPU
		{43E62789-8183-443B-9934-AD115A6BB0BD}.Debug|iPhoneSimulator.Build.0 = Debug|Any CPU
		{43E62789-8183-443B-9934-AD115A6BB0BD}.Debug|iPhoneSimulator.Deploy.0 = Debug|Any CPU
		{43E62789-8183-443B-9934-AD115A6BB0BD}.Release|Any CPU.ActiveCfg = Release|Any CPU
		{43E62789-8183-443B-9934-AD115A6BB0BD}.Release|Any CPU.Build.0 = Release|Any CPU
		{43E62789-8183-443B-9934-AD115A6BB0BD}.Release|Any CPU.Deploy.0 = Release|Any CPU
		{43E62789-8183-443B-9934-AD115A6BB0BD}.Release|iPhone.ActiveCfg = Release|Any CPU
		{43E62789-8183-443B-9934-AD115A6BB0BD}.Release|iPhone.Build.0 = Release|Any CPU
		{43E62789-8183-443B-9934-AD115A6BB0BD}.Release|iPhone.Deploy.0 = Release|Any CPU
		{43E62789-8183-443B-9934-AD115A6BB0BD}.Release|iPhoneSimulator.ActiveCfg = Release|Any CPU
		{43E62789-8183-443B-9934-AD115A6BB0BD}.Release|iPhoneSimulator.Build.0 = Release|Any CPU
		{43E62789-8183-443B-9934-AD115A6BB0BD}.Release|iPhoneSimulator.Deploy.0 = Release|Any CPU
		{6BED74E0-E93B-48C5-9D25-7BF32DBAFAD2}.Debug|Any CPU.ActiveCfg = Debug|iPhone
		{6BED74E0-E93B-48C5-9D25-7BF32DBAFAD2}.Debug|Any CPU.Build.0 = Debug|iPhone
		{6BED74E0-E93B-48C5-9D25-7BF32DBAFAD2}.Debug|Any CPU.Deploy.0 = Debug|iPhone
		{6BED74E0-E93B-48C5-9D25-7BF32DBAFAD2}.Debug|iPhone.ActiveCfg = Debug|iPhone
		{6BED74E0-E93B-48C5-9D25-7BF32DBAFAD2}.Debug|iPhone.Build.0 = Debug|iPhone
		{6BED74E0-E93B-48C5-9D25-7BF32DBAFAD2}.Debug|iPhone.Deploy.0 = Debug|iPhone
		{6BED74E0-E93B-48C5-9D25-7BF32DBAFAD2}.Debug|iPhoneSimulator.ActiveCfg = Debug|iPhoneSimulator
		{6BED74E0-E93B-48C5-9D25-7BF32DBAFAD2}.Debug|iPhoneSimulator.Build.0 = Debug|iPhoneSimulator
		{6BED74E0-E93B-48C5-9D25-7BF32DBAFAD2}.Debug|iPhoneSimulator.Deploy.0 = Debug|iPhoneSimulator
		{6BED74E0-E93B-48C5-9D25-7BF32DBAFAD2}.Release|Any CPU.ActiveCfg = Release|iPhoneSimulator
		{6BED74E0-E93B-48C5-9D25-7BF32DBAFAD2}.Release|Any CPU.Build.0 = Release|iPhoneSimulator
		{6BED74E0-E93B-48C5-9D25-7BF32DBAFAD2}.Release|Any CPU.Deploy.0 = Release|iPhoneSimulator
		{6BED74E0-E93B-48C5-9D25-7BF32DBAFAD2}.Release|iPhone.ActiveCfg = Release|iPhone
		{6BED74E0-E93B-48C5-9D25-7BF32DBAFAD2}.Release|iPhone.Build.0 = Release|iPhone
		{6BED74E0-E93B-48C5-9D25-7BF32DBAFAD2}.Release|iPhone.Deploy.0 = Release|iPhone
		{6BED74E0-E93B-48C5-9D25-7BF32DBAFAD2}.Release|iPhoneSimulator.ActiveCfg = Release|iPhoneSimulator
		{6BED74E0-E93B-48C5-9D25-7BF32DBAFAD2}.Release|iPhoneSimulator.Build.0 = Release|iPhoneSimulator
		{6BED74E0-E93B-48C5-9D25-7BF32DBAFAD2}.Release|iPhoneSimulator.Deploy.0 = Release|iPhoneSimulator
		{F834F363-B7E5-4C58-A8E1-49312C9B3B2F}.Debug|Any CPU.ActiveCfg = Debug|Any CPU
		{F834F363-B7E5-4C58-A8E1-49312C9B3B2F}.Debug|Any CPU.Build.0 = Debug|Any CPU
		{F834F363-B7E5-4C58-A8E1-49312C9B3B2F}.Debug|Any CPU.Deploy.0 = Debug|Any CPU
		{F834F363-B7E5-4C58-A8E1-49312C9B3B2F}.Debug|iPhone.ActiveCfg = Debug|Any CPU
		{F834F363-B7E5-4C58-A8E1-49312C9B3B2F}.Debug|iPhone.Build.0 = Debug|Any CPU
		{F834F363-B7E5-4C58-A8E1-49312C9B3B2F}.Debug|iPhone.Deploy.0 = Debug|Any CPU
		{F834F363-B7E5-4C58-A8E1-49312C9B3B2F}.Debug|iPhoneSimulator.ActiveCfg = Debug|Any CPU
		{F834F363-B7E5-4C58-A8E1-49312C9B3B2F}.Debug|iPhoneSimulator.Build.0 = Debug|Any CPU
		{F834F363-B7E5-4C58-A8E1-49312C9B3B2F}.Debug|iPhoneSimulator.Deploy.0 = Debug|Any CPU
		{F834F363-B7E5-4C58-A8E1-49312C9B3B2F}.Release|Any CPU.ActiveCfg = Release|Any CPU
		{F834F363-B7E5-4C58-A8E1-49312C9B3B2F}.Release|Any CPU.Build.0 = Release|Any CPU
		{F834F363-B7E5-4C58-A8E1-49312C9B3B2F}.Release|Any CPU.Deploy.0 = Release|Any CPU
		{F834F363-B7E5-4C58-A8E1-49312C9B3B2F}.Release|iPhone.ActiveCfg = Release|Any CPU
		{F834F363-B7E5-4C58-A8E1-49312C9B3B2F}.Release|iPhone.Build.0 = Release|Any CPU
		{F834F363-B7E5-4C58-A8E1-49312C9B3B2F}.Release|iPhone.Deploy.0 = Release|Any CPU
		{F834F363-B7E5-4C58-A8E1-49312C9B3B2F}.Release|iPhoneSimulator.ActiveCfg = Release|Any CPU
		{F834F363-B7E5-4C58-A8E1-49312C9B3B2F}.Release|iPhoneSimulator.Build.0 = Release|Any CPU
		{F834F363-B7E5-4C58-A8E1-49312C9B3B2F}.Release|iPhoneSimulator.Deploy.0 = Release|Any CPU
	EndGlobalSection
	GlobalSection(SolutionProperties) = preSolution
		HideSolutionNode = FALSE
	EndGlobalSection
	GlobalSection(ExtensibilityGlobals) = postSolution
		SolutionGuid = {39C62E67-0ED8-4601-B0C7-D44481F27D63}
	EndGlobalSection
EndGlobal
